{
  "version": 4,
  "terraform_version": "1.2.2",
  "serial": 469,
  "lineage": "ccbca835-3410-668a-c3bd-ccf6a1198ee1",
  "outputs": {},
  "resources": [
    {
      "mode": "data",
      "type": "template_file",
      "name": "user_data",
      "provider": "provider[\"registry.terraform.io/hashicorp/template\"]",
      "instances": [
        {
          "schema_version": 0,
          "attributes": {
            "filename": null,
            "id": "df381112bb7113092229d5ef406a16f10772a690b73bbc4ff04bfba378da88c8",
            "rendered": "#cloud-config\r\nusers:\r\n  - name: ubuntu\r\n    ssh-authorized-keys:\r\n     # - ssh-rsa AAAAB3NzaC1yc2EAAAADAQABAAABgQC2yvweBeJ46R1eB7Mi9zKWppNBhOc8BZQx2XP6JAFrA3HfGaX4DHvUH2k2y7NIRa0OLNY2UXxyt0TEl33vqcIPO/t//S2DClRuNIGIBlJyrlhcj3SjuPakF01oEEZt9GRg++pq+fDSp18+pMBaI53CN7Ew8ZBEhw6vKYCJwygQMCqTnQltLdV2FK06ojH78cwPj0vyTLNf2+0bspW8S3cuOTdPa8qykjjwG0UQpJZCyP/5Bz9+Dihs63/KYFfmqKrzxJwVT3RAg5ZmI7UtNlrLCwim6yI5Q+BhpbiSqUcVbgVBoKQQNITP7bxaB7jKbJAgkow+g3SwC9kgTcyYSO9FYqpYO50NHEnk7j7Ffljej4j7zxNwrl6jxlKQlZ51SEmfwGOIkCcENWncdAT8S+GuWqFfd6zo5u/CqDoyzt/PwdotHSjroyCiLixrCna0Ivh5wpfn4a2hp+/vT4vQVcNrsRM8rFfsk1QDT7vlJW5TzRwq+ADuUbpjXehohATJqzE= root@192.168.0.105\r\n    - ssh-rsa AAAAB3NzaC1yc2EAAAADAQABAAABgQDw8Rr/6SXTwe7oS0YWe4twN2dp4XbVY/GV0zEgEct8a0tRBGtgeJLWS2xnuKmaXbLbvGXDTqqG1VVuQvdZTLuX280jMv3iyJlFqF1DG8fJzuTU4yRRizowHUkh0wnpzsEVU87fcLEfOPEzJgJCgMvakyw6UX6JofkO6OwXd6eseil4QuMSsM6skbM85xMM/QbNzys7d9qmopzOFSeoykgpXOXuuVVddh/7DnawjE9r6Al/mxoKx+NJxUmlaWNsUvSqeIVN00Ws8b4/3CLueH7xOxQzL56nhHeo/AWwbwwQ8VVbSpjIisS3P0DKwM5gAnzo5Fb1GrPlYf2OQjFqNhM7dEHOoNkGoeltQ/eBVKheU11jSqSTGM2lQy3mrcML2tLxHodFAlFgxuskxqKYUdk+FvOgrHDehz3c7yAUje8upoyaBRuJj4nOle3OCB3isXAHiQueCFCenYvgyq77TL8OJwHefNZCpKyndD2K1szPRpgjAzCVErN6A2aA3/BLQuc= root@stefan-lenovo-7i\r\n    sudo: ['ALL=(ALL) NOPASSWD:ALL']\r\n    groups: sudo\r\n    shell: /bin/bash\r\nssh_pwauth: true\r\ndisable_root: false\r\npassword: \r\n list: | \r\n  ubuntu: ubuntu\r\n\r\n  \r\nruncmd:\r\n  - echo \"AllowUsers ubuntu\" \u003e\u003e /etc/ssh/sshd_config\r\n  - touch /root/fisiertest\r\n  - [sh, -c, 'sudo apt update']\r\n  - [sh, -c, 'sudo apt-get install apt-transport-https ca-certificates curl software-properties-common']\r\n  - [sh, -c, 'curl -fsSL https://download.docker.com/linux/ubuntu/gpg | sudo apt-key add -']\r\n  - [sh, -c, 'sudo add-apt-repository \"deb [arch=amd64] https://download.docker.com/linux/ubuntu  $(lsb_release -cs)  stable\"']\r\n  - [sh, -c, 'sudo apt update']\r\n  - [sh, -c, 'sudo apt-get install docker-ce -y']\r\n  - sudo restart ssh\r\n  - sudo systemctl enable docker \r\n  - sudo systemctl start docker",
            "template": "#cloud-config\r\nusers:\r\n  - name: ubuntu\r\n    ssh-authorized-keys:\r\n     # - ssh-rsa AAAAB3NzaC1yc2EAAAADAQABAAABgQC2yvweBeJ46R1eB7Mi9zKWppNBhOc8BZQx2XP6JAFrA3HfGaX4DHvUH2k2y7NIRa0OLNY2UXxyt0TEl33vqcIPO/t//S2DClRuNIGIBlJyrlhcj3SjuPakF01oEEZt9GRg++pq+fDSp18+pMBaI53CN7Ew8ZBEhw6vKYCJwygQMCqTnQltLdV2FK06ojH78cwPj0vyTLNf2+0bspW8S3cuOTdPa8qykjjwG0UQpJZCyP/5Bz9+Dihs63/KYFfmqKrzxJwVT3RAg5ZmI7UtNlrLCwim6yI5Q+BhpbiSqUcVbgVBoKQQNITP7bxaB7jKbJAgkow+g3SwC9kgTcyYSO9FYqpYO50NHEnk7j7Ffljej4j7zxNwrl6jxlKQlZ51SEmfwGOIkCcENWncdAT8S+GuWqFfd6zo5u/CqDoyzt/PwdotHSjroyCiLixrCna0Ivh5wpfn4a2hp+/vT4vQVcNrsRM8rFfsk1QDT7vlJW5TzRwq+ADuUbpjXehohATJqzE= root@192.168.0.105\r\n    - ssh-rsa AAAAB3NzaC1yc2EAAAADAQABAAABgQDw8Rr/6SXTwe7oS0YWe4twN2dp4XbVY/GV0zEgEct8a0tRBGtgeJLWS2xnuKmaXbLbvGXDTqqG1VVuQvdZTLuX280jMv3iyJlFqF1DG8fJzuTU4yRRizowHUkh0wnpzsEVU87fcLEfOPEzJgJCgMvakyw6UX6JofkO6OwXd6eseil4QuMSsM6skbM85xMM/QbNzys7d9qmopzOFSeoykgpXOXuuVVddh/7DnawjE9r6Al/mxoKx+NJxUmlaWNsUvSqeIVN00Ws8b4/3CLueH7xOxQzL56nhHeo/AWwbwwQ8VVbSpjIisS3P0DKwM5gAnzo5Fb1GrPlYf2OQjFqNhM7dEHOoNkGoeltQ/eBVKheU11jSqSTGM2lQy3mrcML2tLxHodFAlFgxuskxqKYUdk+FvOgrHDehz3c7yAUje8upoyaBRuJj4nOle3OCB3isXAHiQueCFCenYvgyq77TL8OJwHefNZCpKyndD2K1szPRpgjAzCVErN6A2aA3/BLQuc= root@stefan-lenovo-7i\r\n    sudo: ['ALL=(ALL) NOPASSWD:ALL']\r\n    groups: sudo\r\n    shell: /bin/bash\r\nssh_pwauth: true\r\ndisable_root: false\r\npassword: \r\n list: | \r\n  ubuntu: ubuntu\r\n\r\n  \r\nruncmd:\r\n  - echo \"AllowUsers ubuntu\" \u003e\u003e /etc/ssh/sshd_config\r\n  - touch /root/fisiertest\r\n  - [sh, -c, 'sudo apt update']\r\n  - [sh, -c, 'sudo apt-get install apt-transport-https ca-certificates curl software-properties-common']\r\n  - [sh, -c, 'curl -fsSL https://download.docker.com/linux/ubuntu/gpg | sudo apt-key add -']\r\n  - [sh, -c, 'sudo add-apt-repository \"deb [arch=amd64] https://download.docker.com/linux/ubuntu  $(lsb_release -cs)  stable\"']\r\n  - [sh, -c, 'sudo apt update']\r\n  - [sh, -c, 'sudo apt-get install docker-ce -y']\r\n  - sudo restart ssh\r\n  - sudo systemctl enable docker \r\n  - sudo systemctl start docker",
            "vars": null
          },
          "sensitive_attributes": []
        }
      ]
    },
    {
      "mode": "managed",
      "type": "libvirt_cloudinit_disk",
      "name": "commoninit",
      "provider": "provider[\"registry.terraform.io/dmacvicar/libvirt\"]",
      "instances": [
        {
          "schema_version": 0,
          "attributes": {
            "id": "/var/lib/libvirt/images/commoninit.iso;6570446d-100a-4c40-903e-db1b6ccdfd28",
            "meta_data": "",
            "name": "commoninit.iso",
            "network_config": "",
            "pool": "default",
            "user_data": "#cloud-config\r\nusers:\r\n  - name: ubuntu\r\n    ssh-authorized-keys:\r\n     # - ssh-rsa AAAAB3NzaC1yc2EAAAADAQABAAABgQC2yvweBeJ46R1eB7Mi9zKWppNBhOc8BZQx2XP6JAFrA3HfGaX4DHvUH2k2y7NIRa0OLNY2UXxyt0TEl33vqcIPO/t//S2DClRuNIGIBlJyrlhcj3SjuPakF01oEEZt9GRg++pq+fDSp18+pMBaI53CN7Ew8ZBEhw6vKYCJwygQMCqTnQltLdV2FK06ojH78cwPj0vyTLNf2+0bspW8S3cuOTdPa8qykjjwG0UQpJZCyP/5Bz9+Dihs63/KYFfmqKrzxJwVT3RAg5ZmI7UtNlrLCwim6yI5Q+BhpbiSqUcVbgVBoKQQNITP7bxaB7jKbJAgkow+g3SwC9kgTcyYSO9FYqpYO50NHEnk7j7Ffljej4j7zxNwrl6jxlKQlZ51SEmfwGOIkCcENWncdAT8S+GuWqFfd6zo5u/CqDoyzt/PwdotHSjroyCiLixrCna0Ivh5wpfn4a2hp+/vT4vQVcNrsRM8rFfsk1QDT7vlJW5TzRwq+ADuUbpjXehohATJqzE= root@192.168.0.105\r\n    - ssh-rsa AAAAB3NzaC1yc2EAAAADAQABAAABgQDw8Rr/6SXTwe7oS0YWe4twN2dp4XbVY/GV0zEgEct8a0tRBGtgeJLWS2xnuKmaXbLbvGXDTqqG1VVuQvdZTLuX280jMv3iyJlFqF1DG8fJzuTU4yRRizowHUkh0wnpzsEVU87fcLEfOPEzJgJCgMvakyw6UX6JofkO6OwXd6eseil4QuMSsM6skbM85xMM/QbNzys7d9qmopzOFSeoykgpXOXuuVVddh/7DnawjE9r6Al/mxoKx+NJxUmlaWNsUvSqeIVN00Ws8b4/3CLueH7xOxQzL56nhHeo/AWwbwwQ8VVbSpjIisS3P0DKwM5gAnzo5Fb1GrPlYf2OQjFqNhM7dEHOoNkGoeltQ/eBVKheU11jSqSTGM2lQy3mrcML2tLxHodFAlFgxuskxqKYUdk+FvOgrHDehz3c7yAUje8upoyaBRuJj4nOle3OCB3isXAHiQueCFCenYvgyq77TL8OJwHefNZCpKyndD2K1szPRpgjAzCVErN6A2aA3/BLQuc= root@stefan-lenovo-7i\r\n    sudo: ['ALL=(ALL) NOPASSWD:ALL']\r\n    groups: sudo\r\n    shell: /bin/bash\r\nssh_pwauth: true\r\ndisable_root: false\r\npassword: \r\n list: | \r\n  ubuntu: ubuntu\r\n\r\n  \r\nruncmd:\r\n  - echo \"AllowUsers ubuntu\" \u003e\u003e /etc/ssh/sshd_config\r\n  - touch /root/fisiertest\r\n  - [sh, -c, 'sudo apt update']\r\n  - [sh, -c, 'sudo apt-get install apt-transport-https ca-certificates curl software-properties-common']\r\n  - [sh, -c, 'curl -fsSL https://download.docker.com/linux/ubuntu/gpg | sudo apt-key add -']\r\n  - [sh, -c, 'sudo add-apt-repository \"deb [arch=amd64] https://download.docker.com/linux/ubuntu  $(lsb_release -cs)  stable\"']\r\n  - [sh, -c, 'sudo apt update']\r\n  - [sh, -c, 'sudo apt-get install docker-ce -y']\r\n  - sudo restart ssh\r\n  - sudo systemctl enable docker \r\n  - sudo systemctl start docker"
          },
          "sensitive_attributes": [],
          "private": "bnVsbA==",
          "dependencies": [
            "data.template_file.user_data"
          ]
        }
      ]
    },
    {
      "mode": "managed",
      "type": "libvirt_domain",
      "name": "ubuntu",
      "provider": "provider[\"registry.terraform.io/dmacvicar/libvirt\"]",
      "instances": [
        {
          "index_key": 0,
          "schema_version": 0,
          "attributes": {
            "arch": "x86_64",
            "autostart": true,
            "boot_device": [],
            "cloudinit": "/var/lib/libvirt/images/commoninit.iso;6570446d-100a-4c40-903e-db1b6ccdfd28",
            "cmdline": null,
            "console": [
              {
                "source_host": "127.0.0.1",
                "source_path": "",
                "source_service": "0",
                "target_port": "0",
                "target_type": "serial",
                "type": "pty"
              }
            ],
            "coreos_ignition": null,
            "cpu": [],
            "description": "",
            "disk": [
              {
                "block_device": "",
                "file": "",
                "scsi": false,
                "url": "",
                "volume_id": "/var/lib/libvirt/images/ubuntu-0",
                "wwn": ""
              }
            ],
            "emulator": "/usr/bin/qemu-system-x86_64",
            "filesystem": [],
            "firmware": "",
            "fw_cfg_name": "opt/com.coreos/config",
            "graphics": [
              {
                "autoport": true,
                "listen_address": "127.0.0.1",
                "listen_type": "address",
                "type": "spice",
                "websocket": 0
              }
            ],
            "id": "b91fc32d-a82a-4a1c-b773-0c8e1830505a",
            "initrd": "",
            "kernel": "",
            "machine": "pc",
            "memory": 2048,
            "metadata": null,
            "name": "ubuntu0",
            "network_interface": [
              {
                "addresses": [],
                "bridge": "br0",
                "hostname": "",
                "mac": "52:54:00:16:CD:1E",
                "macvtap": "",
                "network_id": "",
                "network_name": "",
                "passthrough": "",
                "vepa": "",
                "wait_for_lease": false
              }
            ],
            "nvram": [],
            "qemu_agent": false,
            "running": true,
            "timeouts": null,
            "tpm": [],
            "vcpu": 2,
            "video": [],
            "xml": []
          },
          "sensitive_attributes": [],
          "private": "eyJlMmJmYjczMC1lY2FhLTExZTYtOGY4OC0zNDM2M2JjN2M0YzAiOnsiY3JlYXRlIjozMDAwMDAwMDAwMDB9fQ==",
          "dependencies": [
            "data.template_file.user_data",
            "libvirt_cloudinit_disk.commoninit",
            "libvirt_volume.ubuntu-qcow2"
          ]
        },
        {
          "index_key": 1,
          "schema_version": 0,
          "attributes": {
            "arch": "x86_64",
            "autostart": true,
            "boot_device": [],
            "cloudinit": "/var/lib/libvirt/images/commoninit.iso;6570446d-100a-4c40-903e-db1b6ccdfd28",
            "cmdline": null,
            "console": [
              {
                "source_host": "127.0.0.1",
                "source_path": "",
                "source_service": "0",
                "target_port": "0",
                "target_type": "serial",
                "type": "pty"
              }
            ],
            "coreos_ignition": null,
            "cpu": [],
            "description": "",
            "disk": [
              {
                "block_device": "",
                "file": "",
                "scsi": false,
                "url": "",
                "volume_id": "/var/lib/libvirt/images/ubuntu-1",
                "wwn": ""
              }
            ],
            "emulator": "/usr/bin/qemu-system-x86_64",
            "filesystem": [],
            "firmware": "",
            "fw_cfg_name": "opt/com.coreos/config",
            "graphics": [
              {
                "autoport": true,
                "listen_address": "127.0.0.1",
                "listen_type": "address",
                "type": "spice",
                "websocket": 0
              }
            ],
            "id": "57e3478f-a1df-4f9d-84b0-c5aae0ac1d88",
            "initrd": "",
            "kernel": "",
            "machine": "pc",
            "memory": 2048,
            "metadata": null,
            "name": "ubuntu1",
            "network_interface": [
              {
                "addresses": [],
                "bridge": "br0",
                "hostname": "",
                "mac": "52:54:00:B2:C0:68",
                "macvtap": "",
                "network_id": "",
                "network_name": "",
                "passthrough": "",
                "vepa": "",
                "wait_for_lease": false
              }
            ],
            "nvram": [],
            "qemu_agent": false,
            "running": true,
            "timeouts": null,
            "tpm": [],
            "vcpu": 2,
            "video": [],
            "xml": []
          },
          "sensitive_attributes": [],
          "private": "eyJlMmJmYjczMC1lY2FhLTExZTYtOGY4OC0zNDM2M2JjN2M0YzAiOnsiY3JlYXRlIjozMDAwMDAwMDAwMDB9fQ==",
          "dependencies": [
            "data.template_file.user_data",
            "libvirt_cloudinit_disk.commoninit",
            "libvirt_volume.ubuntu-qcow2"
          ]
        },
        {
          "index_key": 2,
          "schema_version": 0,
          "attributes": {
            "arch": "x86_64",
            "autostart": true,
            "boot_device": [],
            "cloudinit": "/var/lib/libvirt/images/commoninit.iso;6570446d-100a-4c40-903e-db1b6ccdfd28",
            "cmdline": null,
            "console": [
              {
                "source_host": "127.0.0.1",
                "source_path": "",
                "source_service": "0",
                "target_port": "0",
                "target_type": "serial",
                "type": "pty"
              }
            ],
            "coreos_ignition": null,
            "cpu": [],
            "description": "",
            "disk": [
              {
                "block_device": "",
                "file": "",
                "scsi": false,
                "url": "",
                "volume_id": "/var/lib/libvirt/images/ubuntu-2",
                "wwn": ""
              }
            ],
            "emulator": "/usr/bin/qemu-system-x86_64",
            "filesystem": [],
            "firmware": "",
            "fw_cfg_name": "opt/com.coreos/config",
            "graphics": [
              {
                "autoport": true,
                "listen_address": "127.0.0.1",
                "listen_type": "address",
                "type": "spice",
                "websocket": 0
              }
            ],
            "id": "3709707b-1afe-4e2a-9530-bae1754f8511",
            "initrd": "",
            "kernel": "",
            "machine": "pc",
            "memory": 2048,
            "metadata": null,
            "name": "ubuntu2",
            "network_interface": [
              {
                "addresses": [],
                "bridge": "br0",
                "hostname": "",
                "mac": "52:54:00:EA:12:84",
                "macvtap": "",
                "network_id": "",
                "network_name": "",
                "passthrough": "",
                "vepa": "",
                "wait_for_lease": false
              }
            ],
            "nvram": [],
            "qemu_agent": false,
            "running": true,
            "timeouts": null,
            "tpm": [],
            "vcpu": 2,
            "video": [],
            "xml": []
          },
          "sensitive_attributes": [],
          "private": "eyJlMmJmYjczMC1lY2FhLTExZTYtOGY4OC0zNDM2M2JjN2M0YzAiOnsiY3JlYXRlIjozMDAwMDAwMDAwMDB9fQ==",
          "dependencies": [
            "data.template_file.user_data",
            "libvirt_cloudinit_disk.commoninit",
            "libvirt_volume.ubuntu-qcow2"
          ]
        }
      ]
    },
    {
      "mode": "managed",
      "type": "libvirt_volume",
      "name": "ubuntu-qcow2",
      "provider": "provider[\"registry.terraform.io/dmacvicar/libvirt\"]",
      "instances": [
        {
          "index_key": 0,
          "schema_version": 0,
          "attributes": {
            "base_volume_id": null,
            "base_volume_name": null,
            "base_volume_pool": null,
            "format": "qcow2",
            "id": "/var/lib/libvirt/images/ubuntu-0",
            "name": "ubuntu-0",
            "pool": "default",
            "size": 2361393152,
            "source": "bionic-minimal-cloudimg-amd64.img",
            "xml": []
          },
          "sensitive_attributes": [],
          "private": "bnVsbA=="
        },
        {
          "index_key": 1,
          "schema_version": 0,
          "attributes": {
            "base_volume_id": null,
            "base_volume_name": null,
            "base_volume_pool": null,
            "format": "qcow2",
            "id": "/var/lib/libvirt/images/ubuntu-1",
            "name": "ubuntu-1",
            "pool": "default",
            "size": 2361393152,
            "source": "bionic-minimal-cloudimg-amd64.img",
            "xml": []
          },
          "sensitive_attributes": [],
          "private": "bnVsbA=="
        },
        {
          "index_key": 2,
          "schema_version": 0,
          "attributes": {
            "base_volume_id": null,
            "base_volume_name": null,
            "base_volume_pool": null,
            "format": "qcow2",
            "id": "/var/lib/libvirt/images/ubuntu-2",
            "name": "ubuntu-2",
            "pool": "default",
            "size": 2361393152,
            "source": "bionic-minimal-cloudimg-amd64.img",
            "xml": []
          },
          "sensitive_attributes": [],
          "private": "bnVsbA=="
        }
      ]
    }
  ]
}
